
Microsoft Visual Studio Solution File, Format Version 12.00
# Visual Studio Version 16
VisualStudioVersion = 16.0.31205.134
MinimumVisualStudioVersion = 10.0.40219.1
Project("{FAE04EC0-301F-11D3-BF4B-00C04F79EFBC}") = "OOP-Tasks-Day1", "OOP-Tasks-Day1.csproj", "{EB42C67B-A9D9-4A4B-8077-975931C7E638}"
EndProject
Global
	GlobalSection(SolutionConfigurationPlatforms) = preSolution
		Debug|Any CPU = Debug|Any CPU
		Release|Any CPU = Release|Any CPU
	EndGlobalSection
	GlobalSection(ProjectConfigurationPlatforms) = postSolution
		{EB42C67B-A9D9-4A4B-8077-975931C7E638}.Debug|Any CPU.ActiveCfg = Debug|Any CPU
		{EB42C67B-A9D9-4A4B-8077-975931C7E638}.Debug|Any CPU.Build.0 = Debug|Any CPU
		{EB42C67B-A9D9-4A4B-8077-975931C7E638}.Release|Any CPU.ActiveCfg = Release|Any CPU
		{EB42C67B-A9D9-4A4B-8077-975931C7E638}.Release|Any CPU.Build.0 = Release|Any CPU
	EndGlobalSection
	GlobalSection(SolutionProperties) = preSolution
		HideSolutionNode = FALSE
	EndGlobalSection
	GlobalSection(ExtensibilityGlobals) = postSolution
		SolutionGuid = {76CC6B1F-93AE-47E0-89C1-F763CF0EF96F}
	EndGlobalSection
EndGlobal
